# THIS IS AN AUTOGENERATED FILE. DO NOT EDIT THIS FILE DIRECTLY.
# yarn lockfile v1


lodash.isarraylike@^4.2.0:
  version "4.2.0"
  resolved "https://registry.yarnpkg.com/lodash.isarraylike/-/lodash.isarraylike-4.2.0.tgz#4623310ab318804b667ddc3619058137559400c4"

lodash.sortby@^4.7.0:
  version "4.7.0"
  resolved "https://registry.yarnpkg.com/lodash.sortby/-/lodash.sortby-4.7.0.tgz#edd14c824e2cc9c1e0b0a1b42bb5210516a42438"
